
Microsoft Visual Studio Solution File, Format Version 12.00
# Visual Studio 15
VisualStudioVersion = 15.0.27004.2002
MinimumVisualStudioVersion = 10.0.40219.1
Project("{FAE04EC0-301F-11D3-BF4B-00C04F79EFBC}") = "ArduinoServo-v1", "ArduinoServo-v1\ArduinoServo-v1.csproj", "{1411C2E3-A90E-4383-B436-7745E370289D}"
EndProject
Global
	GlobalSection(SolutionConfigurationPlatforms) = preSolution
		Debug|Any CPU = Debug|Any CPU
		Release|Any CPU = Release|Any CPU
	EndGlobalSection
	GlobalSection(ProjectConfigurationPlatforms) = postSolution
		{1411C2E3-A90E-4383-B436-7745E370289D}.Debug|Any CPU.ActiveCfg = Debug|Any CPU
		{1411C2E3-A90E-4383-B436-7745E370289D}.Debug|Any CPU.Build.0 = Debug|Any CPU
		{1411C2E3-A90E-4383-B436-7745E370289D}.Release|Any CPU.ActiveCfg = Release|Any CPU
		{1411C2E3-A90E-4383-B436-7745E370289D}.Release|Any CPU.Build.0 = Release|Any CPU
	EndGlobalSection
	GlobalSection(SolutionProperties) = preSolution
		HideSolutionNode = FALSE
	EndGlobalSection
	GlobalSection(ExtensibilityGlobals) = postSolution
		SolutionGuid = {46805A54-8978-4813-9999-D0C75AFF79DA}
	EndGlobalSection
EndGlobal
